
Microsoft Visual Studio Solution File, Format Version 12.00
# Visual Studio 15
VisualStudioVersion = 15.0.27130.2020
MinimumVisualStudioVersion = 10.0.40219.1
Project("{FAE04EC0-301F-11D3-BF4B-00C04F79EFBC}") = "MyAssignment", "MyAssignment\MyAssignment.csproj", "{8BDA39F4-B7F0-4D6D-955F-1ABE6A20F33B}"
EndProject
Global
	GlobalSection(SolutionConfigurationPlatforms) = preSolution
		Debug|Any CPU = Debug|Any CPU
		Release|Any CPU = Release|Any CPU
	EndGlobalSection
	GlobalSection(ProjectConfigurationPlatforms) = postSolution
		{8BDA39F4-B7F0-4D6D-955F-1ABE6A20F33B}.Debug|Any CPU.ActiveCfg = Debug|Any CPU
		{8BDA39F4-B7F0-4D6D-955F-1ABE6A20F33B}.Debug|Any CPU.Build.0 = Debug|Any CPU
		{8BDA39F4-B7F0-4D6D-955F-1ABE6A20F33B}.Release|Any CPU.ActiveCfg = Release|Any CPU
		{8BDA39F4-B7F0-4D6D-955F-1ABE6A20F33B}.Release|Any CPU.Build.0 = Release|Any CPU
	EndGlobalSection
	GlobalSection(SolutionProperties) = preSolution
		HideSolutionNode = FALSE
	EndGlobalSection
	GlobalSection(ExtensibilityGlobals) = postSolution
		SolutionGuid = {92AAF5CF-38D4-43E3-B6C7-CF64E11B4A03}
	EndGlobalSection
EndGlobal
